
Microsoft Visual Studio Solution File, Format Version 12.00
# Visual Studio 15
VisualStudioVersion = 15.0.27004.2009
MinimumVisualStudioVersion = 10.0.40219.1
Project("{9A19103F-16F7-4668-BE54-9A1E7A4F7556}") = "YousignClientNETCore", "Yousign-Client-.NETCore\YousignClientNETCore.csproj", "{1C4335CD-FF31-4705-9ED7-09D7EC6EB80B}"
EndProject
Global
	GlobalSection(SolutionConfigurationPlatforms) = preSolution
		Debug|Any CPU = Debug|Any CPU
		Release|Any CPU = Release|Any CPU
	EndGlobalSection
	GlobalSection(ProjectConfigurationPlatforms) = postSolution
		{1C4335CD-FF31-4705-9ED7-09D7EC6EB80B}.Debug|Any CPU.ActiveCfg = Debug|Any CPU
		{1C4335CD-FF31-4705-9ED7-09D7EC6EB80B}.Debug|Any CPU.Build.0 = Debug|Any CPU
		{1C4335CD-FF31-4705-9ED7-09D7EC6EB80B}.Release|Any CPU.ActiveCfg = Release|Any CPU
		{1C4335CD-FF31-4705-9ED7-09D7EC6EB80B}.Release|Any CPU.Build.0 = Release|Any CPU
	EndGlobalSection
	GlobalSection(SolutionProperties) = preSolution
		HideSolutionNode = FALSE
	EndGlobalSection
	GlobalSection(ExtensibilityGlobals) = postSolution
		SolutionGuid = {24B6CD36-880D-46FE-A0E7-44298206AA47}
	EndGlobalSection
EndGlobal
